
Microsoft Visual Studio Solution File, Format Version 12.00
# Visual Studio Version 17
VisualStudioVersion = 17.10.35122.118
MinimumVisualStudioVersion = 10.0.40219.1
Project("{8BC9CEB8-8B4A-11D0-8D11-00A0C91BC942}") = "App_Checkbox", "App_Checkbox\App_Checkbox.vcxproj", "{CB9B6762-FF5F-42C4-8935-43E31E7A06AA}"
EndProject
Global
	GlobalSection(SolutionConfigurationPlatforms) = preSolution
		Debug|ARM = Debug|ARM
		Debug|ARM64 = Debug|ARM64
		Debug|x64 = Debug|x64
		Debug|x86 = Debug|x86
		Release|ARM = Release|ARM
		Release|ARM64 = Release|ARM64
		Release|x64 = Release|x64
		Release|x86 = Release|x86
	EndGlobalSection
	GlobalSection(ProjectConfigurationPlatforms) = postSolution
		{CB9B6762-FF5F-42C4-8935-43E31E7A06AA}.Debug|ARM.ActiveCfg = Debug|ARM
		{CB9B6762-FF5F-42C4-8935-43E31E7A06AA}.Debug|ARM.Build.0 = Debug|ARM
		{CB9B6762-FF5F-42C4-8935-43E31E7A06AA}.Debug|ARM.Deploy.0 = Debug|ARM
		{CB9B6762-FF5F-42C4-8935-43E31E7A06AA}.Debug|ARM64.ActiveCfg = Debug|ARM64
		{CB9B6762-FF5F-42C4-8935-43E31E7A06AA}.Debug|ARM64.Build.0 = Debug|ARM64
		{CB9B6762-FF5F-42C4-8935-43E31E7A06AA}.Debug|ARM64.Deploy.0 = Debug|ARM64
		{CB9B6762-FF5F-42C4-8935-43E31E7A06AA}.Debug|x64.ActiveCfg = Debug|x64
		{CB9B6762-FF5F-42C4-8935-43E31E7A06AA}.Debug|x64.Build.0 = Debug|x64
		{CB9B6762-FF5F-42C4-8935-43E31E7A06AA}.Debug|x64.Deploy.0 = Debug|x64
		{CB9B6762-FF5F-42C4-8935-43E31E7A06AA}.Debug|x86.ActiveCfg = Debug|Win32
		{CB9B6762-FF5F-42C4-8935-43E31E7A06AA}.Debug|x86.Build.0 = Debug|Win32
		{CB9B6762-FF5F-42C4-8935-43E31E7A06AA}.Debug|x86.Deploy.0 = Debug|Win32
		{CB9B6762-FF5F-42C4-8935-43E31E7A06AA}.Release|ARM.ActiveCfg = Release|ARM
		{CB9B6762-FF5F-42C4-8935-43E31E7A06AA}.Release|ARM.Build.0 = Release|ARM
		{CB9B6762-FF5F-42C4-8935-43E31E7A06AA}.Release|ARM.Deploy.0 = Release|ARM
		{CB9B6762-FF5F-42C4-8935-43E31E7A06AA}.Release|ARM64.ActiveCfg = Release|ARM64
		{CB9B6762-FF5F-42C4-8935-43E31E7A06AA}.Release|ARM64.Build.0 = Release|ARM64
		{CB9B6762-FF5F-42C4-8935-43E31E7A06AA}.Release|ARM64.Deploy.0 = Release|ARM64
		{CB9B6762-FF5F-42C4-8935-43E31E7A06AA}.Release|x64.ActiveCfg = Release|x64
		{CB9B6762-FF5F-42C4-8935-43E31E7A06AA}.Release|x64.Build.0 = Release|x64
		{CB9B6762-FF5F-42C4-8935-43E31E7A06AA}.Release|x64.Deploy.0 = Release|x64
		{CB9B6762-FF5F-42C4-8935-43E31E7A06AA}.Release|x86.ActiveCfg = Release|Win32
		{CB9B6762-FF5F-42C4-8935-43E31E7A06AA}.Release|x86.Build.0 = Release|Win32
		{CB9B6762-FF5F-42C4-8935-43E31E7A06AA}.Release|x86.Deploy.0 = Release|Win32
	EndGlobalSection
	GlobalSection(SolutionProperties) = preSolution
		HideSolutionNode = FALSE
	EndGlobalSection
	GlobalSection(ExtensibilityGlobals) = postSolution
		SolutionGuid = {081C2C94-12CD-4539-8C5C-2D4D16D0CB28}
	EndGlobalSection
EndGlobal
